// !$*UTF8*$!
{
	archiveVersion = 1;
	classes = {
	};
	objectVersion = 55;
	objects = {

/* Begin PBXBuildFile section */
		C466FBE8282A472A00BD3B78 /* AppDelegate.swift in Sources */ = {isa = PBXBuildFile; fileRef = C466FBE7282A472A00BD3B78 /* AppDelegate.swift */; };
		C466FBEA282A472A00BD3B78 /* SceneDelegate.swift in Sources */ = {isa = PBXBuildFile; fileRef = C466FBE9282A472A00BD3B78 /* SceneDelegate.swift */; };
		C466FBEC282A472A00BD3B78 /* ViewController.swift in Sources */ = {isa = PBXBuildFile; fileRef = C466FBEB282A472A00BD3B78 /* ViewController.swift */; };
		C466FBEF282A472A00BD3B78 /* Main.storyboard in Resources */ = {isa = PBXBuildFile; fileRef = C466FBED282A472A00BD3B78 /* Main.storyboard */; };
		C466FBF1282A472A00BD3B78 /* Assets.xcassets in Resources */ = {isa = PBXBuildFile; fileRef = C466FBF0282A472A00BD3B78 /* Assets.xcassets */; };
		C466FBF4282A472A00BD3B78 /* LaunchScreen.storyboard in Resources */ = {isa = PBXBuildFile; fileRef = C466FBF2282A472A00BD3B78 /* LaunchScreen.storyboard */; };
		C466FBFC282A49AF00BD3B78 /* CapturedImageViewController.swift in Sources */ = {isa = PBXBuildFile; fileRef = C466FBFB282A49AF00BD3B78 /* CapturedImageViewController.swift */; };
/* End PBXBuildFile section */

/* Begin PBXFileReference section */
		C466FBE4282A472A00BD3B78 /* CustomCameraApp.app */ = {isa = PBXFileReference; explicitFileType = wrapper.application; includeInIndex = 0; path = CustomCameraApp.app; sourceTree = BUILT_PRODUCTS_DIR; };
		C466FBE7282A472A00BD3B78 /* AppDelegate.swift */ = {isa = PBXFileReference; lastKnownFileType = sourcecode.swift; path = AppDelegate.swift; sourceTree = "<group>"; };
		C466FBE9282A472A00BD3B78 /* SceneDelegate.swift */ = {isa = PBXFileReference; lastKnownFileType = sourcecode.swift; path = SceneDelegate.swift; sourceTree = "<group>"; };
		C466FBEB282A472A00BD3B78 /* ViewController.swift */ = {isa = PBXFileReference; lastKnownFileType = sourcecode.swift; path = ViewController.swift; sourceTree = "<group>"; };
		C466FBEE282A472A00BD3B78 /* Base */ = {isa = PBXFileReference; lastKnownFileType = file.storyboard; name = Base; path = Base.lproj/Main.storyboard; sourceTree = "<group>"; };
		C466FBF0282A472A00BD3B78 /* Assets.xcassets */ = {isa = PBXFileReference; lastKnownFileType = folder.assetcatalog; path = Assets.xcassets; sourceTree = "<group>"; };
		C466FBF3282A472A00BD3B78 /* Base */ = {isa = PBXFileReference; lastKnownFileType = file.storyboard; name = Base; path = Base.lproj/LaunchScreen.storyboard; sourceTree = "<group>"; };
		C466FBF5282A472A00BD3B78 /* Info.plist */ = {isa = PBXFileReference; lastKnownFileType = text.plist.xml; path = Info.plist; sourceTree = "<group>"; };
		C466FBFB282A49AF00BD3B78 /* CapturedImageViewController.swift */ = {isa = PBXFileReference; lastKnownFileType = sourcecode.swift; path = CapturedImageViewController.swift; sourceTree = "<group>"; };
/* End PBXFileReference section */

/* Begin PBXFrameworksBuildPhase section */
		C466FBE1282A472A00BD3B78 /* Frameworks */ = {
			isa = PBXFrameworksBuildPhase;
			buildActionMask = 2147483647;
			files = (
			);
			runOnlyForDeploymentPostprocessing = 0;
		};
/* End PBXFrameworksBuildPhase section */

/* Begin PBXGroup section */
		C466FBDB282A472A00BD3B78 = {
			isa = PBXGroup;
			children = (
				C466FBE6282A472A00BD3B78 /* CustomCameraApp */,
				C466FBE5282A472A00BD3B78 /* Products */,
			);
			sourceTree = "<group>";
		};
		C466FBE5282A472A00BD3B78 /* Products */ = {
			isa = PBXGroup;
			children = (
				C466FBE4282A472A00BD3B78 /* CustomCameraApp.app */,
			);
			name = Products;
			sourceTree = "<group>";
		};
		C466FBE6282A472A00BD3B78 /* CustomCameraApp */ = {
			isa = PBXGroup;
			children = (
				C466FBE7282A472A00BD3B78 /* AppDelegate.swift */,
				C466FBE9282A472A00BD3B78 /* SceneDelegate.swift */,
				C466FBEB282A472A00BD3B78 /* ViewController.swift */,
				C466FBFB282A49AF00BD3B78 /* CapturedImageViewController.swift */,
				C466FBED282A472A00BD3B78 /* Main.storyboard */,
				C466FBF0282A472A00BD3B78 /* Assets.xcassets */,
				C466FBF2282A472A00BD3B78 /* LaunchScreen.storyboard */,
				C466FBF5282A472A00BD3B78 /* Info.plist */,
			);
			path = CustomCameraApp;
			sourceTree = "<group>";
		};
/* End PBXGroup section */

/* Begin PBXNativeTarget section */
		C466FBE3282A472A00BD3B78 /* CustomCameraApp */ = {
			isa = PBXNativeTarget;
			buildConfigurationList = C466FBF8282A472A00BD3B78 /* Build configuration list for PBXNativeTarget "CustomCameraApp" */;
			buildPhases = (
				C466FBE0282A472A00BD3B78 /* Sources */,
				C466FBE1282A472A00BD3B78 /* Frameworks */,
				C466FBE2282A472A00BD3B78 /* Resources */,
			);
			buildRules = (
			);
			dependencies = (
			);
			name = CustomCameraApp;
			productName = CustomCameraApp;
			productReference = C466FBE4282A472A00BD3B78 /* CustomCameraApp.app */;
			productType = "com.apple.product-type.application";
		};
/* End PBXNativeTarget section */

/* Begin PBXProject section */
		C466FBDC282A472A00BD3B78 /* Project object */ = {
			isa = PBXProject;
			attributes = {
				BuildIndependentTargetsInParallel = 1;
				LastSwiftUpdateCheck = 1330;
				LastUpgradeCheck = 1330;
				TargetAttributes = {
					C466FBE3282A472A00BD3B78 = {
						CreatedOnToolsVersion = 13.3;
					};
				};
			};
			buildConfigurationList = C466FBDF282A472A00BD3B78 /* Build configuration list for PBXProject "CustomCameraApp" */;
			compatibilityVersion = "Xcode 13.0";
			developmentRegion = en;
			hasScannedForEncodings = 0;
			knownRegions = (
				en,
				Base,
			);
			mainGroup = C466FBDB282A472A00BD3B78;
			productRefGroup = C466FBE5282A472A00BD3B78 /* Products */;
			projectDirPath = "";
			projectRoot = "";
			targets = (
				C466FBE3282A472A00BD3B78 /* CustomCameraApp */,
			);
		};
/* End PBXProject section */

/* Begin PBXResourcesBuildPhase section */
		C466FBE2282A472A00BD3B78 /* Resources */ = {
			isa = PBXResourcesBuildPhase;
			buildActionMask = 2147483647;
			files = (
				C466FBF4282A472A00BD3B78 /* LaunchScreen.storyboard in Resources */,
				C466FBF1282A472A00BD3B78 /* Assets.xcassets in Resources */,
				C466FBEF282A472A00BD3B78 /* Main.storyboard in Resources */,
			);
			runOnlyForDeploymentPostprocessing = 0;
		};
/* End PBXResourcesBuildPhase section */

/* Begin PBXSourcesBuildPhase section */
		C466FBE0282A472A00BD3B78 /* Sources */ = {
			isa = PBXSourcesBuildPhase;
			buildActionMask = 2147483647;
			files = (
				C466FBEC282A472A00BD3B78 /* ViewController.swift in Sources */,
				C466FBE8282A472A00BD3B78 /* AppDelegate.swift in Sources */,
				C466FBFC282A49AF00BD3B78 /* CapturedImageViewController.swift in Sources */,
				C466FBEA282A472A00BD3B78 /* SceneDelegate.swift in Sources */,
			);
			runOnlyForDeploymentPostprocessing = 0;
		};
/* End PBXSourcesBuildPhase section */

/* Begin PBXVariantGroup section */
		C466FBED282A472A00BD3B78 /* Main.storyboard */ = {
			isa = PBXVariantGroup;
			children = (
				C466FBEE282A472A00BD3B78 /* Base */,
			);
			name = Main.storyboard;
			sourceTree = "<group>";
		};
		C466FBF2282A472A00BD3B78 /* LaunchScreen.storyboard */ = {
			isa = PBXVariantGroup;
			children = (
				C466FBF3282A472A00BD3B78 /* Base */,
			);
			name = LaunchScreen.storyboard;
			sourceTree = "<group>";
		};
/* End PBXVariantGroup section */

/* Begin XCBuildConfiguration section */
		C466FBF6282A472A00BD3B78 /* Debug */ = {
			isa = XCBuildConfiguration;
			buildSettings = {
				ALWAYS_SEARCH_USER_PATHS = NO;
				CLANG_ANALYZER_NONNULL = YES;
				CLANG_ANALYZER_NUMBER_OBJECT_CONVERSION = YES_AGGRESSIVE;
				CLANG_CXX_LANGUAGE_STANDARD = "gnu++17";
				CLANG_ENABLE_MODULES = YES;
				CLANG_ENABLE_OBJC_ARC = YES;
				CLANG_ENABLE_OBJC_WEAK = YES;
				CLANG_WARN_BLOCK_CAPTURE_AUTORELEASING = YES;
				CLANG_WARN_BOOL_CONVERSION = YES;
				CLANG_WARN_COMMA = YES;
				CLANG_WARN_CONSTANT_CONVERSION = YES;
				CLANG_WARN_DEPRECATED_OBJC_IMPLEMENTATIONS = YES;
				CLANG_WARN_DIRECT_OBJC_ISA_USAGE = YES_ERROR;
				CLANG_WARN_DOCUMENTATION_COMMENTS = YES;
				CLANG_WARN_EMPTY_BODY = YES;
				CLANG_WARN_ENUM_CONVERSION = YES;
				CLANG_WARN_INFINITE_RECURSION = YES;
				CLANG_WARN_INT_CONVERSION = YES;
				CLANG_WARN_NON_LITERAL_NULL_CONVERSION = YES;
				CLANG_WARN_OBJC_IMPLICIT_RETAIN_SELF = YES;
				CLANG_WARN_OBJC_LITERAL_CONVERSION = YES;
				CLANG_WARN_OBJC_ROOT_CLASS = YES_ERROR;
				CLANG_WARN_QUOTED_INCLUDE_IN_FRAMEWORK_HEADER = YES;
				CLANG_WARN_RANGE_LOOP_ANALYSIS = YES;
				CLANG_WARN_STRICT_PROTOTYPES = YES;
				CLANG_WARN_SUSPICIOUS_MOVE = YES;
				CLANG_WARN_UNGUARDED_AVAILABILITY = YES_AGGRESSIVE;
				CLANG_WARN_UNREACHABLE_CODE = YES;
				CLANG_WARN__DUPLICATE_METHOD_MATCH = YES;
				COPY_PHASE_STRIP = NO;
				DEBUG_INFORMATION_FORMAT = dwarf;
				ENABLE_STRICT_OBJC_MSGSEND = YES;
				ENABLE_TESTABILITY = YES;
				GCC_C_LANGUAGE_STANDARD = gnu11;
				GCC_DYNAMIC_NO_PIC = NO;
				GCC_NO_COMMON_BLOCKS = YES;
				GCC_OPTIMIZATION_LEVEL = 0;
				GCC_PREPROCESSOR_DEFINITIONS = (
					"DEBUG=1",
					"$(inherited)",
				);
				GCC_WARN_64_TO_32_BIT_CONVERSION = YES;
				GCC_WARN_ABOUT_RETURN_TYPE = YES_ERROR;
				GCC_WARN_UNDECLARED_SELECTOR = YES;
				GCC_WARN_UNINITIALIZED_AUTOS = YES_AGGRESSIVE;
				GCC_WARN_UNUSED_FUNCTION = YES;
				GCC_WARN_UNUSED_VARIABLE = YES;
				IPHONEOS_DEPLOYMENT_TARGET = 15.4;
				MTL_ENABLE_DEBUG_INFO = INCLUDE_SOURCE;
				MTL_FAST_MATH = YES;
				ONLY_ACTIVE_ARCH = YES;
				SDKROOT = iphoneos;
				SWIFT_ACTIVE_COMPILATION_CONDITIONS = DEBUG;
				SWIFT_OPTIMIZATION_LEVEL = "-Onone";
			};
			name = Debug;
		};
		C466FBF7282A472A00BD3B78 /* Release */ = {
			isa = XCBuildConfiguration;
			buildSettings = {
				ALWAYS_SEARCH_USER_PATHS = NO;
				CLANG_ANALYZER_NONNULL = YES;
				CLANG_ANALYZER_NUMBER_OBJECT_CONVERSION = YES_AGGRESSIVE;
				CLANG_CXX_LANGUAGE_STANDARD = "gnu++17";
				CLANG_ENABLE_MODULES = YES;
				CLANG_ENABLE_OBJC_ARC = YES;
				CLANG_ENABLE_OBJC_WEAK = YES;
				CLANG_WARN_BLOCK_CAPTURE_AUTORELEASING = YES;
				CLANG_WARN_BOOL_CONVERSION = YES;
				CLANG_WARN_COMMA = YES;
				CLANG_WARN_CONSTANT_CONVERSION = YES;
				CLANG_WARN_DEPRECATED_OBJC_IMPLEMENTATIONS = YES;
				CLANG_WARN_DIRECT_OBJC_ISA_USAGE = YES_ERROR;
				CLANG_WARN_DOCUMENTATION_COMMENTS = YES;
				CLANG_WARN_EMPTY_BODY = YES;
				CLANG_WARN_ENUM_CONVERSION = YES;
				CLANG_WARN_INFINITE_RECURSION = YES;
				CLANG_WARN_INT_CONVERSION = YES;
				CLANG_WARN_NON_LITERAL_NULL_CONVERSION = YES;
				CLANG_WARN_OBJC_IMPLICIT_RETAIN_SELF = YES;
				CLANG_WARN_OBJC_LITERAL_CONVERSION = YES;
				CLANG_WARN_OBJC_ROOT_CLASS = YES_ERROR;
				CLANG_WARN_QUOTED_INCLUDE_IN_FRAMEWORK_HEADER = YES;
				CLANG_WARN_RANGE_LOOP_ANALYSIS = YES;
				CLANG_WARN_STRICT_PROTOTYPES = YES;
				CLANG_WARN_SUSPICIOUS_MOVE = YES;
				CLANG_WARN_UNGUARDED_AVAILABILITY = YES_AGGRESSIVE;
				CLANG_WARN_UNREACHABLE_CODE = YES;
				CLANG_WARN__DUPLICATE_METHOD_MATCH = YES;
				COPY_PHASE_STRIP = NO;
				DEBUG_INFORMATION_FORMAT = "dwarf-with-dsym";
				ENABLE_NS_ASSERTIONS = NO;
				ENABLE_STRICT_OBJC_MSGSEND = YES;
				GCC_C_LANGUAGE_STANDARD = gnu11;
				GCC_NO_COMMON_BLOCKS = YES;
				GCC_WARN_64_TO_32_BIT_CONVERSION = YES;
				GCC_WARN_ABOUT_RETURN_TYPE = YES_ERROR;
				GCC_WARN_UNDECLARED_SELECTOR = YES;
				GCC_WARN_UNINITIALIZED_AUTOS = YES_AGGRESSIVE;
				GCC_WARN_UNUSED_FUNCTION = YES;
				GCC_WARN_UNUSED_VARIABLE = YES;
				IPHONEOS_DEPLOYMENT_TARGET = 15.4;
				MTL_ENABLE_DEBUG_INFO = NO;
				MTL_FAST_MATH = YES;
				SDKROOT = iphoneos;
				SWIFT_COMPILATION_MODE = wholemodule;
				SWIFT_OPTIMIZATION_LEVEL = "-O";
				VALIDATE_PRODUCT = YES;
			};
			name = Release;
		};
		C466FBF9282A472A00BD3B78 /* Debug */ = {
			isa = XCBuildConfiguration;
			buildSettings = {
				ASSETCATALOG_COMPILER_APPICON_NAME = AppIcon;
				ASSETCATALOG_COMPILER_GLOBAL_ACCENT_COLOR_NAME = AccentColor;
				CODE_SIGN_STYLE = Automatic;
				CURRENT_PROJECT_VERSION = 1;
				DEVELOPMENT_TEAM = 35W7TZ9DUM;
				GENERATE_INFOPLIST_FILE = YES;
				INFOPLIST_FILE = CustomCameraApp/Info.plist;
				INFOPLIST_KEY_LSApplicationCategoryType = "";
				INFOPLIST_KEY_NSCameraUsageDescription = "Need Permission Bro";
				INFOPLIST_KEY_UIApplicationSupportsIndirectInputEvents = YES;
				INFOPLIST_KEY_UILaunchStoryboardName = LaunchScreen;
				INFOPLIST_KEY_UIMainStoryboardFile = Main;
				INFOPLIST_KEY_UISupportedInterfaceOrientations_iPad = "UIInterfaceOrientationPortrait UIInterfaceOrientationPortraitUpsideDown UIInterfaceOrientationLandscapeLeft UIInterfaceOrientationLandscapeRight";
				INFOPLIST_KEY_UISupportedInterfaceOrientations_iPhone = "UIInterfaceOrientationPortrait UIInterfaceOrientationLandscapeLeft UIInterfaceOrientationLandscapeRight";
				LD_RUNPATH_SEARCH_PATHS = (
					"$(inherited)",
					"@executable_path/Frameworks",
				);
				MARKETING_VERSION = 1.0;
				PRODUCT_BUNDLE_IDENTIFIER = com.paigesoftware.CustomCameraApp;
				PRODUCT_NAME = "$(TARGET_NAME)";
				SWIFT_EMIT_LOC_STRINGS = YES;
				SWIFT_VERSION = 5.0;
				TARGETED_DEVICE_FAMILY = "1,2";
			};
			name = Debug;
		};
		C466FBFA282A472A00BD3B78 /* Release */ = {
			isa = XCBuildConfiguration;
			buildSettings = {
				ASSETCATALOG_COMPILER_APPICON_NAME = AppIcon;
				ASSETCATALOG_COMPILER_GLOBAL_ACCENT_COLOR_NAME = AccentColor;
				CODE_SIGN_STYLE = Automatic;
				CURRENT_PROJECT_VERSION = 1;
				DEVELOPMENT_TEAM = 35W7TZ9DUM;
				GENERATE_INFOPLIST_FILE = YES;
				INFOPLIST_FILE = CustomCameraApp/Info.plist;
				INFOPLIST_KEY_LSApplicationCategoryType = "";
				INFOPLIST_KEY_NSCameraUsageDescription = "Need Permission Bro";
				INFOPLIST_KEY_UIApplicationSupportsIndirectInputEvents = YES;
				INFOPLIST_KEY_UILaunchStoryboardName = LaunchScreen;
				INFOPLIST_KEY_UIMainStoryboardFile = Main;
				INFOPLIST_KEY_UISupportedInterfaceOrientations_iPad = "UIInterfaceOrientationPortrait UIInterfaceOrientationPortraitUpsideDown UIInterfaceOrientationLandscapeLeft UIInterfaceOrientationLandscapeRight";
				INFOPLIST_KEY_UISupportedInterfaceOrientations_iPhone = "UIInterfaceOrientationPortrait UIInterfaceOrientationLandscapeLeft UIInterfaceOrientationLandscapeRight";
				LD_RUNPATH_SEARCH_PATHS = (
					"$(inherited)",
					"@executable_path/Frameworks",
				);
				MARKETING_VERSION = 1.0;
				PRODUCT_BUNDLE_IDENTIFIER = com.paigesoftware.CustomCameraApp;
				PRODUCT_NAME = "$(TARGET_NAME)";
				SWIFT_EMIT_LOC_STRINGS = YES;
				SWIFT_VERSION = 5.0;
				TARGETED_DEVICE_FAMILY = "1,2";
			};
			name = Release;
		};
/* End XCBuildConfiguration section */

/* Begin XCConfigurationList section */
		C466FBDF282A472A00BD3B78 /* Build configuration list for PBXProject "CustomCameraApp" */ = {
			isa = XCConfigurationList;
			buildConfigurations = (
				C466FBF6282A472A00BD3B78 /* Debug */,
				C466FBF7282A472A00BD3B78 /* Release */,
			);
			defaultConfigurationIsVisible = 0;
			defaultConfigurationName = Release;
		};
		C466FBF8282A472A00BD3B78 /* Build configuration list for PBXNativeTarget "CustomCameraApp" */ = {
			isa = XCConfigurationList;
			buildConfigurations = (
				C466FBF9282A472A00BD3B78 /* Debug */,
				C466FBFA282A472A00BD3B78 /* Release */,
			);
			defaultConfigurationIsVisible = 0;
			defaultConfigurationName = Release;
		};
/* End XCConfigurationList section */
	};
	rootObject = C466FBDC282A472A00BD3B78 /* Project object */;
}
